
Microsoft Visual Studio Solution File, Format Version 12.00
# Visual Studio Version 17
VisualStudioVersion = 17.5.33424.131
MinimumVisualStudioVersion = 10.0.40219.1
Project("{FAE04EC0-301F-11D3-BF4B-00C04F79EFBC}") = "Exemplo Lista", "Exemplo Lista\Exemplo Lista.csproj", "{D311F6CC-844A-481F-85E5-386B94FA2DB3}"
EndProject
Global
	GlobalSection(SolutionConfigurationPlatforms) = preSolution
		Debug|Any CPU = Debug|Any CPU
		Release|Any CPU = Release|Any CPU
	EndGlobalSection
	GlobalSection(ProjectConfigurationPlatforms) = postSolution
		{D311F6CC-844A-481F-85E5-386B94FA2DB3}.Debug|Any CPU.ActiveCfg = Debug|Any CPU
		{D311F6CC-844A-481F-85E5-386B94FA2DB3}.Debug|Any CPU.Build.0 = Debug|Any CPU
		{D311F6CC-844A-481F-85E5-386B94FA2DB3}.Release|Any CPU.ActiveCfg = Release|Any CPU
		{D311F6CC-844A-481F-85E5-386B94FA2DB3}.Release|Any CPU.Build.0 = Release|Any CPU
	EndGlobalSection
	GlobalSection(SolutionProperties) = preSolution
		HideSolutionNode = FALSE
	EndGlobalSection
	GlobalSection(ExtensibilityGlobals) = postSolution
		SolutionGuid = {D2E40ACA-40F5-43C7-A520-AFB35E117D1E}
	EndGlobalSection
EndGlobal
